
Microsoft Visual Studio Solution File, Format Version 12.00
Project("{FAE04EC0-301F-11D3-BF4B-00C04F79EFBC}") = "UniquePathsWithObstacles", "UniquePathsWithObstacles\UniquePathsWithObstacles.csproj", "{26963D62-E0D2-4075-B315-91B2079E96F4}"
EndProject
Global
	GlobalSection(SolutionConfigurationPlatforms) = preSolution
		Debug|Any CPU = Debug|Any CPU
		Release|Any CPU = Release|Any CPU
	EndGlobalSection
	GlobalSection(ProjectConfigurationPlatforms) = postSolution
		{26963D62-E0D2-4075-B315-91B2079E96F4}.Debug|Any CPU.ActiveCfg = Debug|Any CPU
		{26963D62-E0D2-4075-B315-91B2079E96F4}.Debug|Any CPU.Build.0 = Debug|Any CPU
		{26963D62-E0D2-4075-B315-91B2079E96F4}.Release|Any CPU.ActiveCfg = Release|Any CPU
		{26963D62-E0D2-4075-B315-91B2079E96F4}.Release|Any CPU.Build.0 = Release|Any CPU
	EndGlobalSection
EndGlobal
