
Microsoft Visual Studio Solution File, Format Version 12.00
# Visual Studio Version 17
VisualStudioVersion = 17.2.32616.157
MinimumVisualStudioVersion = 10.0.40219.1
Project("{FAE04EC0-301F-11D3-BF4B-00C04F79EFBC}") = "15.三数之和", "15.三数之和.csproj", "{60D9F752-5023-4D46-8B9B-DBB5EFD6B34A}"
EndProject
Global
	GlobalSection(SolutionConfigurationPlatforms) = preSolution
		Debug|Any CPU = Debug|Any CPU
		Release|Any CPU = Release|Any CPU
	EndGlobalSection
	GlobalSection(ProjectConfigurationPlatforms) = postSolution
		{60D9F752-5023-4D46-8B9B-DBB5EFD6B34A}.Debug|Any CPU.ActiveCfg = Debug|Any CPU
		{60D9F752-5023-4D46-8B9B-DBB5EFD6B34A}.Debug|Any CPU.Build.0 = Debug|Any CPU
		{60D9F752-5023-4D46-8B9B-DBB5EFD6B34A}.Release|Any CPU.ActiveCfg = Release|Any CPU
		{60D9F752-5023-4D46-8B9B-DBB5EFD6B34A}.Release|Any CPU.Build.0 = Release|Any CPU
	EndGlobalSection
	GlobalSection(SolutionProperties) = preSolution
		HideSolutionNode = FALSE
	EndGlobalSection
	GlobalSection(ExtensibilityGlobals) = postSolution
		SolutionGuid = {E6C231E0-A902-455F-84A0-ABCAD33A44B1}
	EndGlobalSection
EndGlobal
